// !$*UTF8*$!
{
	archiveVersion = 1;
	classes = {
	};
	objectVersion = 56;
	objects = {

/* Begin PBXBuildFile section */
		4D461A14290291D100F74938 /* 시저암호.swift in Sources */ = {isa = PBXBuildFile; fileRef = 4D461A13290291D100F74938 /* 시저암호.swift */; };
		4D57154828D798DF0033730A /* main.swift in Sources */ = {isa = PBXBuildFile; fileRef = 4D57154728D798DF0033730A /* main.swift */; };
		4D57155228D7994F0033730A /* Basic.swift in Sources */ = {isa = PBXBuildFile; fileRef = 4D57155128D7994F0033730A /* Basic.swift */; };
		4D57155428D79B610033730A /* A+B.swift in Sources */ = {isa = PBXBuildFile; fileRef = 4D57155328D79B610033730A /* A+B.swift */; };
		4D57155B28D86CFF0033730A /* FileIO.swift in Sources */ = {isa = PBXBuildFile; fileRef = 4D57155A28D86CFE0033730A /* FileIO.swift */; };
		4D57156028D894FE0033730A /* 짝수와홀수.swift in Sources */ = {isa = PBXBuildFile; fileRef = 4D57155F28D894FE0033730A /* 짝수와홀수.swift */; };
		4D57156228D895DC0033730A /* 평균구하기.swift in Sources */ = {isa = PBXBuildFile; fileRef = 4D57156128D895DC0033730A /* 평균구하기.swift */; };
		4D57156428D899BE0033730A /* 약수의 합.swift in Sources */ = {isa = PBXBuildFile; fileRef = 4D57156328D899BE0033730A /* 약수의 합.swift */; };
		4D57156628D9975B0033730A /* 정수제곱근판별.swift in Sources */ = {isa = PBXBuildFile; fileRef = 4D57156528D9975B0033730A /* 정수제곱근판별.swift */; };
		4D57156928D99FF20033730A /* 자릿수 더하기.swift in Sources */ = {isa = PBXBuildFile; fileRef = 4D57156828D99FF20033730A /* 자릿수 더하기.swift */; };
		4D57156D28DB4F2D0033730A /* 자연수뒤집어배열로.swift in Sources */ = {isa = PBXBuildFile; fileRef = 4D57156C28DB4F2D0033730A /* 자연수뒤집어배열로.swift */; };
		4D57156F28DB74A10033730A /* 문자열 내 p와 y의 개수.swift in Sources */ = {isa = PBXBuildFile; fileRef = 4D57156E28DB74A10033730A /* 문자열 내 p와 y의 개수.swift */; };
		4D9397CE28F7274B001613FF /* 이상한문자만들기.swift in Sources */ = {isa = PBXBuildFile; fileRef = 4D9397CD28F7274B001613FF /* 이상한문자만들기.swift */; };
		4D9397D028F820C8001613FF /* 3진법구하기.swift in Sources */ = {isa = PBXBuildFile; fileRef = 4D9397CF28F820C8001613FF /* 3진법구하기.swift */; };
		4D9397D228F82FEE001613FF /* 에산.swift in Sources */ = {isa = PBXBuildFile; fileRef = 4D9397D128F82FEE001613FF /* 에산.swift */; };
		4DA0075229099B52002D35DF /* 삼총사.swift in Sources */ = {isa = PBXBuildFile; fileRef = 4DA0075129099B52002D35DF /* 삼총사.swift */; };
		4DA0075429099D73002D35DF /* 문자열내마음대로정렬하기.swift in Sources */ = {isa = PBXBuildFile; fileRef = 4DA0075329099D73002D35DF /* 문자열내마음대로정렬하기.swift */; };
		4DA007562909BADB002D35DF /* 최소직사각형.swift in Sources */ = {isa = PBXBuildFile; fileRef = 4DA007552909BADB002D35DF /* 최소직사각형.swift */; };
		4DA007582909C88A002D35DF /* 최댓값과 최솟값.swift in Sources */ = {isa = PBXBuildFile; fileRef = 4DA007572909C88A002D35DF /* 최댓값과 최솟값.swift */; };
		4DA0075A2909D454002D35DF /* K번째 수.swift in Sources */ = {isa = PBXBuildFile; fileRef = 4DA007592909D454002D35DF /* K번째 수.swift */; };
		4DA0075C2909D748002D35DF /* 두개 뽑아서 더하기.swift in Sources */ = {isa = PBXBuildFile; fileRef = 4DA0075B2909D748002D35DF /* 두개 뽑아서 더하기.swift */; };
		4DA0076A290AB99C002D35DF /* 특정거리의도시찾기.swift in Sources */ = {isa = PBXBuildFile; fileRef = 4DA00769290AB99C002D35DF /* 특정거리의도시찾기.swift */; };
		4DA0076E290BEB77002D35DF /* 2021_인턴_숫자문자열과영단어.swift in Sources */ = {isa = PBXBuildFile; fileRef = 4DA0076D290BEB77002D35DF /* 2021_인턴_숫자문자열과영단어.swift */; };
		4DCC71842913C9F500B93A3F /* 로또의 최고순위와 최저순위.swift in Sources */ = {isa = PBXBuildFile; fileRef = 4DCC71832913C9F500B93A3F /* 로또의 최고순위와 최저순위.swift */; };
		4DCC71862913DEBA00B93A3F /* JadenCase 문자열 만들기.swift in Sources */ = {isa = PBXBuildFile; fileRef = 4DCC71852913DEBA00B93A3F /* JadenCase 문자열 만들기.swift */; };
		4DCC718829152F1C00B93A3F /* 소수만들기.swift in Sources */ = {isa = PBXBuildFile; fileRef = 4DCC718729152F1C00B93A3F /* 소수만들기.swift */; };
		4DCD224D28DCB545009D1260 /* 상하좌우.swift in Sources */ = {isa = PBXBuildFile; fileRef = 4DCD224C28DCB545009D1260 /* 상하좌우.swift */; };
		4DCD224F28DCD281009D1260 /* 하샤드 수.swift in Sources */ = {isa = PBXBuildFile; fileRef = 4DCD224E28DCD281009D1260 /* 하샤드 수.swift */; };
		4DCD225128DCD49B009D1260 /* 정수내림차순으로배치.swift in Sources */ = {isa = PBXBuildFile; fileRef = 4DCD225028DCD49B009D1260 /* 정수내림차순으로배치.swift */; };
		4DCD225328DCE101009D1260 /* 문자열을 정수로 바꾸기.swift in Sources */ = {isa = PBXBuildFile; fileRef = 4DCD225228DCE101009D1260 /* 문자열을 정수로 바꾸기.swift */; };
		4DCD225528DD85D0009D1260 /* Array&String.swift in Sources */ = {isa = PBXBuildFile; fileRef = 4DCD225428DD85D0009D1260 /* Array&String.swift */; };
		4DCD225728DD8B66009D1260 /* x만큼간격이있는n개의숫자.swift in Sources */ = {isa = PBXBuildFile; fileRef = 4DCD225628DD8B66009D1260 /* x만큼간격이있는n개의숫자.swift */; };
		4DCD225928DD9046009D1260 /* 나머지가1이되는수찾기.swift in Sources */ = {isa = PBXBuildFile; fileRef = 4DCD225828DD9046009D1260 /* 나머지가1이되는수찾기.swift */; };
		4DCD225B28DD91F6009D1260 /* 콜라츠추측.swift in Sources */ = {isa = PBXBuildFile; fileRef = 4DCD225A28DD91F6009D1260 /* 콜라츠추측.swift */; };
		4DCD225D28DD9F50009D1260 /* 두 정수 사이의 합.swift in Sources */ = {isa = PBXBuildFile; fileRef = 4DCD225C28DD9F50009D1260 /* 두 정수 사이의 합.swift */; };
		4DCD225F28DDB078009D1260 /* StringUtil.swift in Sources */ = {isa = PBXBuildFile; fileRef = 4DCD225E28DDB077009D1260 /* StringUtil.swift */; };
		4DCD226128DDB28D009D1260 /* 서울에서김서방찾기.swift in Sources */ = {isa = PBXBuildFile; fileRef = 4DCD226028DDB28D009D1260 /* 서울에서김서방찾기.swift */; };
		4DCD226328DDBC7D009D1260 /* 핸드폰번호가리기.swift in Sources */ = {isa = PBXBuildFile; fileRef = 4DCD226228DDBC7D009D1260 /* 핸드폰번호가리기.swift */; };
		4DCD226528DDBE53009D1260 /* 수박수박수박수박수박수? .swift in Sources */ = {isa = PBXBuildFile; fileRef = 4DCD226428DDBE53009D1260 /* 수박수박수박수박수박수? .swift */; };
		4DCD226828DEFD1E009D1260 /* Terms.swift in Sources */ = {isa = PBXBuildFile; fileRef = 4DCD226728DEFD1E009D1260 /* Terms.swift */; };
		4DCD226A28DEFD25009D1260 /* Truck.swift in Sources */ = {isa = PBXBuildFile; fileRef = 4DCD226928DEFD25009D1260 /* Truck.swift */; };
		4DCD226C28DF01F1009D1260 /* Emoticon.swift in Sources */ = {isa = PBXBuildFile; fileRef = 4DCD226B28DF01F1009D1260 /* Emoticon.swift */; };
		4DCD226E28DF7E5E009D1260 /* 나누어떨어지는 숫자배열.swift in Sources */ = {isa = PBXBuildFile; fileRef = 4DCD226D28DF7E5E009D1260 /* 나누어떨어지는 숫자배열.swift */; };
		4DCD227028DF827C009D1260 /* 제일작은수제거.swift in Sources */ = {isa = PBXBuildFile; fileRef = 4DCD226F28DF827C009D1260 /* 제일작은수제거.swift */; };
		4DCD227228E034E5009D1260 /* 음양더하기.swift in Sources */ = {isa = PBXBuildFile; fileRef = 4DCD227128E034E5009D1260 /* 음양더하기.swift */; };
		4DCD227428E03602009D1260 /* 가운데글자 가져오기.swift in Sources */ = {isa = PBXBuildFile; fileRef = 4DCD227328E03602009D1260 /* 가운데글자 가져오기.swift */; };
		4DCD227728E1C126009D1260 /* 없는숫자더하기.swift in Sources */ = {isa = PBXBuildFile; fileRef = 4DCD227628E1C126009D1260 /* 없는숫자더하기.swift */; };
		4DCD227928E1C31F009D1260 /* 내적.swift in Sources */ = {isa = PBXBuildFile; fileRef = 4DCD227828E1C31F009D1260 /* 내적.swift */; };
		4DCD227B28E1C842009D1260 /* 시각.swift in Sources */ = {isa = PBXBuildFile; fileRef = 4DCD227A28E1C842009D1260 /* 시각.swift */; };
		4DCD227D28E1DF21009D1260 /* 왕실의나이트.swift in Sources */ = {isa = PBXBuildFile; fileRef = 4DCD227C28E1DF20009D1260 /* 왕실의나이트.swift */; };
		4DCD227F28E4CF7C009D1260 /* 게임개발.swift in Sources */ = {isa = PBXBuildFile; fileRef = 4DCD227E28E4CF7C009D1260 /* 게임개발.swift */; };
		4DCD228128E9A41D009D1260 /* 문자열 내림차순으로 배치하기.swift in Sources */ = {isa = PBXBuildFile; fileRef = 4DCD228028E9A41D009D1260 /* 문자열 내림차순으로 배치하기.swift */; };
		4DCD228328E9A576009D1260 /* BFS.swift in Sources */ = {isa = PBXBuildFile; fileRef = 4DCD228228E9A576009D1260 /* BFS.swift */; };
		4DCD228528E9A580009D1260 /* DFS.swift in Sources */ = {isa = PBXBuildFile; fileRef = 4DCD228428E9A580009D1260 /* DFS.swift */; };
		4DCD228828E9BBE2009D1260 /* Stack.swift in Sources */ = {isa = PBXBuildFile; fileRef = 4DCD228728E9BBE2009D1260 /* Stack.swift */; };
		4DCD228A28E9BBEB009D1260 /* Queue.swift in Sources */ = {isa = PBXBuildFile; fileRef = 4DCD228928E9BBEB009D1260 /* Queue.swift */; };
		4DCD228C28E9E951009D1260 /* Recursive.swift in Sources */ = {isa = PBXBuildFile; fileRef = 4DCD228B28E9E951009D1260 /* Recursive.swift */; };
		4DCD229028EA0234009D1260 /* 문자열다루기기본.swift in Sources */ = {isa = PBXBuildFile; fileRef = 4DCD228F28EA0234009D1260 /* 문자열다루기기본.swift */; };
		4DCD229228EA0C78009D1260 /* 약수의 개수와 덧셈.swift in Sources */ = {isa = PBXBuildFile; fileRef = 4DCD229128EA0C78009D1260 /* 약수의 개수와 덧셈.swift */; };
		4DCD229628EA0E3D009D1260 /* 음료수 얼려 먹기.swift in Sources */ = {isa = PBXBuildFile; fileRef = 4DCD229528EA0E3D009D1260 /* 음료수 얼려 먹기.swift */; };
		4DCD229828EA1951009D1260 /* 미로탈출.swift in Sources */ = {isa = PBXBuildFile; fileRef = 4DCD229728EA1951009D1260 /* 미로탈출.swift */; };
		4DCD229A28EA20AC009D1260 /* 1260_DFS&BFS.swift in Sources */ = {isa = PBXBuildFile; fileRef = 4DCD229928EA20AC009D1260 /* 1260_DFS&BFS.swift */; };
		4DCD229C28EA20EF009D1260 /* 2178_미로탐색.swift in Sources */ = {isa = PBXBuildFile; fileRef = 4DCD229B28EA20EF009D1260 /* 2178_미로탐색.swift */; };
		4DCD229E28EA2114009D1260 /* 2606_바이러스.swift in Sources */ = {isa = PBXBuildFile; fileRef = 4DCD229D28EA2114009D1260 /* 2606_바이러스.swift */; };
		4DCD22A028EA2139009D1260 /* 2667_단지번호붙이기.swift in Sources */ = {isa = PBXBuildFile; fileRef = 4DCD229F28EA2139009D1260 /* 2667_단지번호붙이기.swift */; };
		4DCD22A228EA215C009D1260 /* 1012_유기농배추.swift in Sources */ = {isa = PBXBuildFile; fileRef = 4DCD22A128EA215C009D1260 /* 1012_유기농배추.swift */; };
		4DCD22A428EA217B009D1260 /* 7569_토마토.swift in Sources */ = {isa = PBXBuildFile; fileRef = 4DCD22A328EA217B009D1260 /* 7569_토마토.swift */; };
		4DCD22A828EA21DE009D1260 /* 11052_카드구매하기.swift in Sources */ = {isa = PBXBuildFile; fileRef = 4DCD22A728EA21DE009D1260 /* 11052_카드구매하기.swift */; };
		4DCD22AA28EA21E9009D1260 /* 1149_RGB거리.swift in Sources */ = {isa = PBXBuildFile; fileRef = 4DCD22A928EA21E9009D1260 /* 1149_RGB거리.swift */; };
		4DCD22AC28EA21F6009D1260 /* 10844_쉬운계단수.swift in Sources */ = {isa = PBXBuildFile; fileRef = 4DCD22AB28EA21F6009D1260 /* 10844_쉬운계단수.swift */; };
		4DCD22AE28EA2201009D1260 /* 1931_회의실배정.swift in Sources */ = {isa = PBXBuildFile; fileRef = 4DCD22AD28EA2201009D1260 /* 1931_회의실배정.swift */; };
		4DCD22B028EA220E009D1260 /* 11497_통나무건너뛰기.swift in Sources */ = {isa = PBXBuildFile; fileRef = 4DCD22AF28EA220E009D1260 /* 11497_통나무건너뛰기.swift */; };
		4DCD22B328EA2230009D1260 /* 1927_최소힙.swift in Sources */ = {isa = PBXBuildFile; fileRef = 4DCD22B228EA2230009D1260 /* 1927_최소힙.swift */; };
		4DCD22B528EA223A009D1260 /* 11279_최대힙.swift in Sources */ = {isa = PBXBuildFile; fileRef = 4DCD22B428EA223A009D1260 /* 11279_최대힙.swift */; };
		4DCD22B728EA2249009D1260 /* 11286_절댓값힙.swift in Sources */ = {isa = PBXBuildFile; fileRef = 4DCD22B628EA2249009D1260 /* 11286_절댓값힙.swift */; };
		4DCD22B928EA2255009D1260 /* 1655_가운데를말해요.swift in Sources */ = {isa = PBXBuildFile; fileRef = 4DCD22B828EA2255009D1260 /* 1655_가운데를말해요.swift */; };
		4DCD22BB28EA225F009D1260 /* 1715_카드정렬하기.swift in Sources */ = {isa = PBXBuildFile; fileRef = 4DCD22BA28EA225F009D1260 /* 1715_카드정렬하기.swift */; };
		4DCD22BD28EA226B009D1260 /* 2075_N번쨰큰수.swift in Sources */ = {isa = PBXBuildFile; fileRef = 4DCD22BC28EA226B009D1260 /* 2075_N번쨰큰수.swift */; };
		4DCD22BF28EA2277009D1260 /* 15903_카드합체놀이.swift in Sources */ = {isa = PBXBuildFile; fileRef = 4DCD22BE28EA2277009D1260 /* 15903_카드합체놀이.swift */; };
		4DCD22C228EA22B0009D1260 /* 2798_블랙잭.swift in Sources */ = {isa = PBXBuildFile; fileRef = 4DCD22C128EA22B0009D1260 /* 2798_블랙잭.swift */; };
		4DCD22C428EA22B9009D1260 /* 2309_일곱난쟁이.swift in Sources */ = {isa = PBXBuildFile; fileRef = 4DCD22C328EA22B9009D1260 /* 2309_일곱난쟁이.swift */; };
		4DCD22C628EA22CD009D1260 /* 1182_부분수열의 합.swift in Sources */ = {isa = PBXBuildFile; fileRef = 4DCD22C528EA22CD009D1260 /* 1182_부분수열의 합.swift */; };
		4DCD22C828EA22D9009D1260 /* 10974_모든순열.swift in Sources */ = {isa = PBXBuildFile; fileRef = 4DCD22C728EA22D9009D1260 /* 10974_모든순열.swift */; };
		4DCD22CA28EA22E4009D1260 /* 10819_차이를 최대로.swift in Sources */ = {isa = PBXBuildFile; fileRef = 4DCD22C928EA22E4009D1260 /* 10819_차이를 최대로.swift */; };
		4DCD22CC28EA22F3009D1260 /* 14501_퇴사.swift in Sources */ = {isa = PBXBuildFile; fileRef = 4DCD22CB28EA22F3009D1260 /* 14501_퇴사.swift */; };
		4DCD22CE28EA22FF009D1260 /* 4673_셀프넘버.swift in Sources */ = {isa = PBXBuildFile; fileRef = 4DCD22CD28EA22FF009D1260 /* 4673_셀프넘버.swift */; };
		4DCD22D028EA230A009D1260 /* 1018_체스판 다시 칠하기.swift in Sources */ = {isa = PBXBuildFile; fileRef = 4DCD22CF28EA2309009D1260 /* 1018_체스판 다시 칠하기.swift */; };
		4DCD22D228EA2313009D1260 /* 7568_덩치.swift in Sources */ = {isa = PBXBuildFile; fileRef = 4DCD22D128EA2313009D1260 /* 7568_덩치.swift */; };
		4DCD22D428EA2321009D1260 /* 1436_영화감독 숌.swift in Sources */ = {isa = PBXBuildFile; fileRef = 4DCD22D328EA2321009D1260 /* 1436_영화감독 숌.swift */; };
		4DCD22D728EA2347009D1260 /* 1546_평균.swift in Sources */ = {isa = PBXBuildFile; fileRef = 4DCD22D628EA2347009D1260 /* 1546_평균.swift */; };
		4DCD22D928EA2350009D1260 /* 10807_개수세기.swift in Sources */ = {isa = PBXBuildFile; fileRef = 4DCD22D828EA2350009D1260 /* 10807_개수세기.swift */; };
		4DCD22DB28EA2359009D1260 /* 9012_괄호.swift in Sources */ = {isa = PBXBuildFile; fileRef = 4DCD22DA28EA2359009D1260 /* 9012_괄호.swift */; };
		4DCD22DD28EA2368009D1260 /* 6198_옥상정원꾸미기.swift in Sources */ = {isa = PBXBuildFile; fileRef = 4DCD22DC28EA2368009D1260 /* 6198_옥상정원꾸미기.swift */; };
		4DCD22E028EA23A0009D1260 /* 10845_큐.swift in Sources */ = {isa = PBXBuildFile; fileRef = 4DCD22DF28EA23A0009D1260 /* 10845_큐.swift */; };
		4DCD22E228EA241E009D1260 /* 행렬의덧셈.swift in Sources */ = {isa = PBXBuildFile; fileRef = 4DCD22E128EA241E009D1260 /* 행렬의덧셈.swift */; };
		4DCD22E628ED89ED009D1260 /* 부족한금액계산.swift in Sources */ = {isa = PBXBuildFile; fileRef = 4DCD22E528ED89ED009D1260 /* 부족한금액계산.swift */; };
		4DCD22E828ED8C85009D1260 /* 직사각형별찍기.swift in Sources */ = {isa = PBXBuildFile; fileRef = 4DCD22E728ED8C85009D1260 /* 직사각형별찍기.swift */; };
		4DCD63D628EE12E0005AA1D9 /* 선택정렬.swift in Sources */ = {isa = PBXBuildFile; fileRef = 4DCD63D528EE12E0005AA1D9 /* 선택정렬.swift */; };
		4DCD63D828EE1768005AA1D9 /* 삽입정렬.swift in Sources */ = {isa = PBXBuildFile; fileRef = 4DCD63D728EE1768005AA1D9 /* 삽입정렬.swift */; };
		4DCD63DA28EE1B34005AA1D9 /* 퀵정렬.swift in Sources */ = {isa = PBXBuildFile; fileRef = 4DCD63D928EE1B34005AA1D9 /* 퀵정렬.swift */; };
		4DCD63DC28EE1FEA005AA1D9 /* 계수정렬.swift in Sources */ = {isa = PBXBuildFile; fileRef = 4DCD63DB28EE1FEA005AA1D9 /* 계수정렬.swift */; };
		4DCD63DE28EE244A005AA1D9 /* Swift에서 정렬.swift in Sources */ = {isa = PBXBuildFile; fileRef = 4DCD63DD28EE244A005AA1D9 /* Swift에서 정렬.swift */; };
		4DCD63E128EE2561005AA1D9 /* 순차탐색.swift in Sources */ = {isa = PBXBuildFile; fileRef = 4DCD63E028EE2561005AA1D9 /* 순차탐색.swift */; };
		4DCD63E328EE2567005AA1D9 /* 이진탐색.swift in Sources */ = {isa = PBXBuildFile; fileRef = 4DCD63E228EE2567005AA1D9 /* 이진탐색.swift */; };
		4DCD63E528EE2587005AA1D9 /* 이진탐색트리.swift in Sources */ = {isa = PBXBuildFile; fileRef = 4DCD63E428EE2587005AA1D9 /* 이진탐색트리.swift */; };
		4DCD63E728EE2597005AA1D9 /* 부품찾기.swift in Sources */ = {isa = PBXBuildFile; fileRef = 4DCD63E628EE2597005AA1D9 /* 부품찾기.swift */; };
		4DCD63E928EE259F005AA1D9 /* 떡볶이떡만들기.swift in Sources */ = {isa = PBXBuildFile; fileRef = 4DCD63E828EE259F005AA1D9 /* 떡볶이떡만들기.swift */; };
		4DCD63EB28EF0F71005AA1D9 /* 위에서아래로.swift in Sources */ = {isa = PBXBuildFile; fileRef = 4DCD63EA28EF0F71005AA1D9 /* 위에서아래로.swift */; };
		4DCD63ED28EF0F8C005AA1D9 /* 성적낮은순출력.swift in Sources */ = {isa = PBXBuildFile; fileRef = 4DCD63EC28EF0F8C005AA1D9 /* 성적낮은순출력.swift */; };
		4DCD63EF28EF0F98005AA1D9 /* 두 배열의 원소교체.swift in Sources */ = {isa = PBXBuildFile; fileRef = 4DCD63EE28EF0F98005AA1D9 /* 두 배열의 원소교체.swift */; };
		4DCD63F128F0308D005AA1D9 /* 최대공약수와최소공배수.swift in Sources */ = {isa = PBXBuildFile; fileRef = 4DCD63F028F0308D005AA1D9 /* 최대공약수와최소공배수.swift */; };
		4DCD63F428F0EF68005AA1D9 /* 체육복.swift in Sources */ = {isa = PBXBuildFile; fileRef = 4DCD63F328F0EF68005AA1D9 /* 체육복.swift */; };
/* End PBXBuildFile section */

/* Begin PBXCopyFilesBuildPhase section */
		4D57154228D798DF0033730A /* CopyFiles */ = {
			isa = PBXCopyFilesBuildPhase;
			buildActionMask = 2147483647;
			dstPath = /usr/share/man/man1/;
			dstSubfolderSpec = 0;
			files = (
			);
			runOnlyForDeploymentPostprocessing = 1;
		};
/* End PBXCopyFilesBuildPhase section */

/* Begin PBXFileReference section */
		4D461A13290291D100F74938 /* 시저암호.swift */ = {isa = PBXFileReference; lastKnownFileType = sourcecode.swift; path = "시저암호.swift"; sourceTree = "<group>"; };
		4D57154428D798DF0033730A /* Swift-Algorithm */ = {isa = PBXFileReference; explicitFileType = "compiled.mach-o.executable"; includeInIndex = 0; path = "Swift-Algorithm"; sourceTree = BUILT_PRODUCTS_DIR; };
		4D57154728D798DF0033730A /* main.swift */ = {isa = PBXFileReference; lastKnownFileType = sourcecode.swift; path = main.swift; sourceTree = "<group>"; };
		4D57155128D7994F0033730A /* Basic.swift */ = {isa = PBXFileReference; lastKnownFileType = sourcecode.swift; path = Basic.swift; sourceTree = "<group>"; };
		4D57155328D79B610033730A /* A+B.swift */ = {isa = PBXFileReference; lastKnownFileType = sourcecode.swift; path = "A+B.swift"; sourceTree = "<group>"; };
		4D57155A28D86CFE0033730A /* FileIO.swift */ = {isa = PBXFileReference; lastKnownFileType = sourcecode.swift; path = FileIO.swift; sourceTree = "<group>"; };
		4D57155F28D894FE0033730A /* 짝수와홀수.swift */ = {isa = PBXFileReference; lastKnownFileType = sourcecode.swift; path = "짝수와홀수.swift"; sourceTree = "<group>"; };
		4D57156128D895DC0033730A /* 평균구하기.swift */ = {isa = PBXFileReference; lastKnownFileType = sourcecode.swift; path = "평균구하기.swift"; sourceTree = "<group>"; };
		4D57156328D899BE0033730A /* 약수의 합.swift */ = {isa = PBXFileReference; lastKnownFileType = sourcecode.swift; path = "약수의 합.swift"; sourceTree = "<group>"; };
		4D57156528D9975B0033730A /* 정수제곱근판별.swift */ = {isa = PBXFileReference; lastKnownFileType = sourcecode.swift; path = "정수제곱근판별.swift"; sourceTree = "<group>"; };
		4D57156828D99FF20033730A /* 자릿수 더하기.swift */ = {isa = PBXFileReference; lastKnownFileType = sourcecode.swift; path = "자릿수 더하기.swift"; sourceTree = "<group>"; };
		4D57156C28DB4F2D0033730A /* 자연수뒤집어배열로.swift */ = {isa = PBXFileReference; lastKnownFileType = sourcecode.swift; path = "자연수뒤집어배열로.swift"; sourceTree = "<group>"; };
		4D57156E28DB74A10033730A /* 문자열 내 p와 y의 개수.swift */ = {isa = PBXFileReference; lastKnownFileType = sourcecode.swift; path = "문자열 내 p와 y의 개수.swift"; sourceTree = "<group>"; };
		4D9397CD28F7274B001613FF /* 이상한문자만들기.swift */ = {isa = PBXFileReference; lastKnownFileType = sourcecode.swift; path = "이상한문자만들기.swift"; sourceTree = "<group>"; };
		4D9397CF28F820C8001613FF /* 3진법구하기.swift */ = {isa = PBXFileReference; lastKnownFileType = sourcecode.swift; path = "3진법구하기.swift"; sourceTree = "<group>"; };
		4D9397D128F82FEE001613FF /* 에산.swift */ = {isa = PBXFileReference; lastKnownFileType = sourcecode.swift; path = "에산.swift"; sourceTree = "<group>"; };
		4DA0075129099B52002D35DF /* 삼총사.swift */ = {isa = PBXFileReference; lastKnownFileType = sourcecode.swift; path = "삼총사.swift"; sourceTree = "<group>"; };
		4DA0075329099D73002D35DF /* 문자열내마음대로정렬하기.swift */ = {isa = PBXFileReference; lastKnownFileType = sourcecode.swift; path = "문자열내마음대로정렬하기.swift"; sourceTree = "<group>"; };
		4DA007552909BADB002D35DF /* 최소직사각형.swift */ = {isa = PBXFileReference; lastKnownFileType = sourcecode.swift; path = "최소직사각형.swift"; sourceTree = "<group>"; };
		4DA007572909C88A002D35DF /* 최댓값과 최솟값.swift */ = {isa = PBXFileReference; lastKnownFileType = sourcecode.swift; path = "최댓값과 최솟값.swift"; sourceTree = "<group>"; };
		4DA007592909D454002D35DF /* K번째 수.swift */ = {isa = PBXFileReference; lastKnownFileType = sourcecode.swift; path = "K번째 수.swift"; sourceTree = "<group>"; };
		4DA0075B2909D748002D35DF /* 두개 뽑아서 더하기.swift */ = {isa = PBXFileReference; lastKnownFileType = sourcecode.swift; path = "두개 뽑아서 더하기.swift"; sourceTree = "<group>"; };
		4DA00769290AB99C002D35DF /* 특정거리의도시찾기.swift */ = {isa = PBXFileReference; lastKnownFileType = sourcecode.swift; path = "특정거리의도시찾기.swift"; sourceTree = "<group>"; };
		4DA0076D290BEB77002D35DF /* 2021_인턴_숫자문자열과영단어.swift */ = {isa = PBXFileReference; lastKnownFileType = sourcecode.swift; path = "2021_인턴_숫자문자열과영단어.swift"; sourceTree = "<group>"; };
		4DCC71832913C9F500B93A3F /* 로또의 최고순위와 최저순위.swift */ = {isa = PBXFileReference; lastKnownFileType = sourcecode.swift; path = "로또의 최고순위와 최저순위.swift"; sourceTree = "<group>"; };
		4DCC71852913DEBA00B93A3F /* JadenCase 문자열 만들기.swift */ = {isa = PBXFileReference; lastKnownFileType = sourcecode.swift; path = "JadenCase 문자열 만들기.swift"; sourceTree = "<group>"; };
		4DCC718729152F1C00B93A3F /* 소수만들기.swift */ = {isa = PBXFileReference; lastKnownFileType = sourcecode.swift; path = "소수만들기.swift"; sourceTree = "<group>"; };
		4DCD224C28DCB545009D1260 /* 상하좌우.swift */ = {isa = PBXFileReference; lastKnownFileType = sourcecode.swift; path = "상하좌우.swift"; sourceTree = "<group>"; };
		4DCD224E28DCD281009D1260 /* 하샤드 수.swift */ = {isa = PBXFileReference; lastKnownFileType = sourcecode.swift; path = "하샤드 수.swift"; sourceTree = "<group>"; };
		4DCD225028DCD49B009D1260 /* 정수내림차순으로배치.swift */ = {isa = PBXFileReference; lastKnownFileType = sourcecode.swift; path = "정수내림차순으로배치.swift"; sourceTree = "<group>"; };
		4DCD225228DCE101009D1260 /* 문자열을 정수로 바꾸기.swift */ = {isa = PBXFileReference; lastKnownFileType = sourcecode.swift; path = "문자열을 정수로 바꾸기.swift"; sourceTree = "<group>"; };
		4DCD225428DD85D0009D1260 /* Array&String.swift */ = {isa = PBXFileReference; lastKnownFileType = sourcecode.swift; path = "Array&String.swift"; sourceTree = "<group>"; };
		4DCD225628DD8B66009D1260 /* x만큼간격이있는n개의숫자.swift */ = {isa = PBXFileReference; lastKnownFileType = sourcecode.swift; path = "x만큼간격이있는n개의숫자.swift"; sourceTree = "<group>"; };
		4DCD225828DD9046009D1260 /* 나머지가1이되는수찾기.swift */ = {isa = PBXFileReference; lastKnownFileType = sourcecode.swift; path = "나머지가1이되는수찾기.swift"; sourceTree = "<group>"; };
		4DCD225A28DD91F6009D1260 /* 콜라츠추측.swift */ = {isa = PBXFileReference; lastKnownFileType = sourcecode.swift; path = "콜라츠추측.swift"; sourceTree = "<group>"; };
		4DCD225C28DD9F50009D1260 /* 두 정수 사이의 합.swift */ = {isa = PBXFileReference; lastKnownFileType = sourcecode.swift; path = "두 정수 사이의 합.swift"; sourceTree = "<group>"; };
		4DCD225E28DDB077009D1260 /* StringUtil.swift */ = {isa = PBXFileReference; lastKnownFileType = sourcecode.swift; path = StringUtil.swift; sourceTree = "<group>"; };
		4DCD226028DDB28D009D1260 /* 서울에서김서방찾기.swift */ = {isa = PBXFileReference; lastKnownFileType = sourcecode.swift; path = "서울에서김서방찾기.swift"; sourceTree = "<group>"; };
		4DCD226228DDBC7D009D1260 /* 핸드폰번호가리기.swift */ = {isa = PBXFileReference; lastKnownFileType = sourcecode.swift; path = "핸드폰번호가리기.swift"; sourceTree = "<group>"; };
		4DCD226428DDBE53009D1260 /* 수박수박수박수박수박수? .swift */ = {isa = PBXFileReference; lastKnownFileType = sourcecode.swift; path = "수박수박수박수박수박수? .swift"; sourceTree = "<group>"; };
		4DCD226728DEFD1E009D1260 /* Terms.swift */ = {isa = PBXFileReference; lastKnownFileType = sourcecode.swift; path = Terms.swift; sourceTree = "<group>"; };
		4DCD226928DEFD25009D1260 /* Truck.swift */ = {isa = PBXFileReference; lastKnownFileType = sourcecode.swift; path = Truck.swift; sourceTree = "<group>"; };
		4DCD226B28DF01F1009D1260 /* Emoticon.swift */ = {isa = PBXFileReference; lastKnownFileType = sourcecode.swift; path = Emoticon.swift; sourceTree = "<group>"; };
		4DCD226D28DF7E5E009D1260 /* 나누어떨어지는 숫자배열.swift */ = {isa = PBXFileReference; lastKnownFileType = sourcecode.swift; path = "나누어떨어지는 숫자배열.swift"; sourceTree = "<group>"; };
		4DCD226F28DF827C009D1260 /* 제일작은수제거.swift */ = {isa = PBXFileReference; lastKnownFileType = sourcecode.swift; path = "제일작은수제거.swift"; sourceTree = "<group>"; };
		4DCD227128E034E5009D1260 /* 음양더하기.swift */ = {isa = PBXFileReference; lastKnownFileType = sourcecode.swift; path = "음양더하기.swift"; sourceTree = "<group>"; };
		4DCD227328E03602009D1260 /* 가운데글자 가져오기.swift */ = {isa = PBXFileReference; lastKnownFileType = sourcecode.swift; path = "가운데글자 가져오기.swift"; sourceTree = "<group>"; };
		4DCD227628E1C126009D1260 /* 없는숫자더하기.swift */ = {isa = PBXFileReference; lastKnownFileType = sourcecode.swift; path = "없는숫자더하기.swift"; sourceTree = "<group>"; };
		4DCD227828E1C31F009D1260 /* 내적.swift */ = {isa = PBXFileReference; lastKnownFileType = sourcecode.swift; path = "내적.swift"; sourceTree = "<group>"; };
		4DCD227A28E1C842009D1260 /* 시각.swift */ = {isa = PBXFileReference; lastKnownFileType = sourcecode.swift; path = "시각.swift"; sourceTree = "<group>"; };
		4DCD227C28E1DF20009D1260 /* 왕실의나이트.swift */ = {isa = PBXFileReference; lastKnownFileType = sourcecode.swift; path = "왕실의나이트.swift"; sourceTree = "<group>"; };
		4DCD227E28E4CF7C009D1260 /* 게임개발.swift */ = {isa = PBXFileReference; lastKnownFileType = sourcecode.swift; path = "게임개발.swift"; sourceTree = "<group>"; };
		4DCD228028E9A41D009D1260 /* 문자열 내림차순으로 배치하기.swift */ = {isa = PBXFileReference; lastKnownFileType = sourcecode.swift; path = "문자열 내림차순으로 배치하기.swift"; sourceTree = "<group>"; };
		4DCD228228E9A576009D1260 /* BFS.swift */ = {isa = PBXFileReference; lastKnownFileType = sourcecode.swift; path = BFS.swift; sourceTree = "<group>"; };
		4DCD228428E9A580009D1260 /* DFS.swift */ = {isa = PBXFileReference; lastKnownFileType = sourcecode.swift; path = DFS.swift; sourceTree = "<group>"; };
		4DCD228728E9BBE2009D1260 /* Stack.swift */ = {isa = PBXFileReference; lastKnownFileType = sourcecode.swift; path = Stack.swift; sourceTree = "<group>"; };
		4DCD228928E9BBEB009D1260 /* Queue.swift */ = {isa = PBXFileReference; lastKnownFileType = sourcecode.swift; path = Queue.swift; sourceTree = "<group>"; };
		4DCD228B28E9E951009D1260 /* Recursive.swift */ = {isa = PBXFileReference; lastKnownFileType = sourcecode.swift; path = Recursive.swift; sourceTree = "<group>"; };
		4DCD228F28EA0234009D1260 /* 문자열다루기기본.swift */ = {isa = PBXFileReference; lastKnownFileType = sourcecode.swift; path = "문자열다루기기본.swift"; sourceTree = "<group>"; };
		4DCD229128EA0C78009D1260 /* 약수의 개수와 덧셈.swift */ = {isa = PBXFileReference; lastKnownFileType = sourcecode.swift; path = "약수의 개수와 덧셈.swift"; sourceTree = "<group>"; };
		4DCD229528EA0E3D009D1260 /* 음료수 얼려 먹기.swift */ = {isa = PBXFileReference; lastKnownFileType = sourcecode.swift; path = "음료수 얼려 먹기.swift"; sourceTree = "<group>"; };
		4DCD229728EA1951009D1260 /* 미로탈출.swift */ = {isa = PBXFileReference; lastKnownFileType = sourcecode.swift; path = "미로탈출.swift"; sourceTree = "<group>"; };
		4DCD229928EA20AC009D1260 /* 1260_DFS&BFS.swift */ = {isa = PBXFileReference; lastKnownFileType = sourcecode.swift; path = "1260_DFS&BFS.swift"; sourceTree = "<group>"; };
		4DCD229B28EA20EF009D1260 /* 2178_미로탐색.swift */ = {isa = PBXFileReference; lastKnownFileType = sourcecode.swift; path = "2178_미로탐색.swift"; sourceTree = "<group>"; };
		4DCD229D28EA2114009D1260 /* 2606_바이러스.swift */ = {isa = PBXFileReference; lastKnownFileType = sourcecode.swift; path = "2606_바이러스.swift"; sourceTree = "<group>"; };
		4DCD229F28EA2139009D1260 /* 2667_단지번호붙이기.swift */ = {isa = PBXFileReference; lastKnownFileType = sourcecode.swift; path = "2667_단지번호붙이기.swift"; sourceTree = "<group>"; };
		4DCD22A128EA215C009D1260 /* 1012_유기농배추.swift */ = {isa = PBXFileReference; lastKnownFileType = sourcecode.swift; path = "1012_유기농배추.swift"; sourceTree = "<group>"; };
		4DCD22A328EA217B009D1260 /* 7569_토마토.swift */ = {isa = PBXFileReference; lastKnownFileType = sourcecode.swift; path = "7569_토마토.swift"; sourceTree = "<group>"; };
		4DCD22A728EA21DE009D1260 /* 11052_카드구매하기.swift */ = {isa = PBXFileReference; lastKnownFileType = sourcecode.swift; path = "11052_카드구매하기.swift"; sourceTree = "<group>"; };
		4DCD22A928EA21E9009D1260 /* 1149_RGB거리.swift */ = {isa = PBXFileReference; lastKnownFileType = sourcecode.swift; path = "1149_RGB거리.swift"; sourceTree = "<group>"; };
		4DCD22AB28EA21F6009D1260 /* 10844_쉬운계단수.swift */ = {isa = PBXFileReference; lastKnownFileType = sourcecode.swift; path = "10844_쉬운계단수.swift"; sourceTree = "<group>"; };
		4DCD22AD28EA2201009D1260 /* 1931_회의실배정.swift */ = {isa = PBXFileReference; lastKnownFileType = sourcecode.swift; path = "1931_회의실배정.swift"; sourceTree = "<group>"; };
		4DCD22AF28EA220E009D1260 /* 11497_통나무건너뛰기.swift */ = {isa = PBXFileReference; lastKnownFileType = sourcecode.swift; path = "11497_통나무건너뛰기.swift"; sourceTree = "<group>"; };
		4DCD22B228EA2230009D1260 /* 1927_최소힙.swift */ = {isa = PBXFileReference; lastKnownFileType = sourcecode.swift; path = "1927_최소힙.swift"; sourceTree = "<group>"; };
		4DCD22B428EA223A009D1260 /* 11279_최대힙.swift */ = {isa = PBXFileReference; lastKnownFileType = sourcecode.swift; path = "11279_최대힙.swift"; sourceTree = "<group>"; };
		4DCD22B628EA2249009D1260 /* 11286_절댓값힙.swift */ = {isa = PBXFileReference; lastKnownFileType = sourcecode.swift; path = "11286_절댓값힙.swift"; sourceTree = "<group>"; };
		4DCD22B828EA2255009D1260 /* 1655_가운데를말해요.swift */ = {isa = PBXFileReference; lastKnownFileType = sourcecode.swift; path = "1655_가운데를말해요.swift"; sourceTree = "<group>"; };
		4DCD22BA28EA225F009D1260 /* 1715_카드정렬하기.swift */ = {isa = PBXFileReference; lastKnownFileType = sourcecode.swift; path = "1715_카드정렬하기.swift"; sourceTree = "<group>"; };
		4DCD22BC28EA226B009D1260 /* 2075_N번쨰큰수.swift */ = {isa = PBXFileReference; lastKnownFileType = sourcecode.swift; path = "2075_N번쨰큰수.swift"; sourceTree = "<group>"; };
		4DCD22BE28EA2277009D1260 /* 15903_카드합체놀이.swift */ = {isa = PBXFileReference; lastKnownFileType = sourcecode.swift; path = "15903_카드합체놀이.swift"; sourceTree = "<group>"; };
		4DCD22C128EA22B0009D1260 /* 2798_블랙잭.swift */ = {isa = PBXFileReference; lastKnownFileType = sourcecode.swift; path = "2798_블랙잭.swift"; sourceTree = "<group>"; };
		4DCD22C328EA22B9009D1260 /* 2309_일곱난쟁이.swift */ = {isa = PBXFileReference; lastKnownFileType = sourcecode.swift; path = "2309_일곱난쟁이.swift"; sourceTree = "<group>"; };
		4DCD22C528EA22CD009D1260 /* 1182_부분수열의 합.swift */ = {isa = PBXFileReference; lastKnownFileType = sourcecode.swift; path = "1182_부분수열의 합.swift"; sourceTree = "<group>"; };
		4DCD22C728EA22D9009D1260 /* 10974_모든순열.swift */ = {isa = PBXFileReference; lastKnownFileType = sourcecode.swift; path = "10974_모든순열.swift"; sourceTree = "<group>"; };
		4DCD22C928EA22E4009D1260 /* 10819_차이를 최대로.swift */ = {isa = PBXFileReference; lastKnownFileType = sourcecode.swift; path = "10819_차이를 최대로.swift"; sourceTree = "<group>"; };
		4DCD22CB28EA22F3009D1260 /* 14501_퇴사.swift */ = {isa = PBXFileReference; lastKnownFileType = sourcecode.swift; path = "14501_퇴사.swift"; sourceTree = "<group>"; };
		4DCD22CD28EA22FF009D1260 /* 4673_셀프넘버.swift */ = {isa = PBXFileReference; lastKnownFileType = sourcecode.swift; path = "4673_셀프넘버.swift"; sourceTree = "<group>"; };
		4DCD22CF28EA2309009D1260 /* 1018_체스판 다시 칠하기.swift */ = {isa = PBXFileReference; lastKnownFileType = sourcecode.swift; path = "1018_체스판 다시 칠하기.swift"; sourceTree = "<group>"; };
		4DCD22D128EA2313009D1260 /* 7568_덩치.swift */ = {isa = PBXFileReference; lastKnownFileType = sourcecode.swift; path = "7568_덩치.swift"; sourceTree = "<group>"; };
		4DCD22D328EA2321009D1260 /* 1436_영화감독 숌.swift */ = {isa = PBXFileReference; lastKnownFileType = sourcecode.swift; path = "1436_영화감독 숌.swift"; sourceTree = "<group>"; };
		4DCD22D628EA2347009D1260 /* 1546_평균.swift */ = {isa = PBXFileReference; lastKnownFileType = sourcecode.swift; path = "1546_평균.swift"; sourceTree = "<group>"; };
		4DCD22D828EA2350009D1260 /* 10807_개수세기.swift */ = {isa = PBXFileReference; lastKnownFileType = sourcecode.swift; path = "10807_개수세기.swift"; sourceTree = "<group>"; };
		4DCD22DA28EA2359009D1260 /* 9012_괄호.swift */ = {isa = PBXFileReference; lastKnownFileType = sourcecode.swift; path = "9012_괄호.swift"; sourceTree = "<group>"; };
		4DCD22DC28EA2368009D1260 /* 6198_옥상정원꾸미기.swift */ = {isa = PBXFileReference; lastKnownFileType = sourcecode.swift; path = "6198_옥상정원꾸미기.swift"; sourceTree = "<group>"; };
		4DCD22DF28EA23A0009D1260 /* 10845_큐.swift */ = {isa = PBXFileReference; lastKnownFileType = sourcecode.swift; path = "10845_큐.swift"; sourceTree = "<group>"; };
		4DCD22E128EA241E009D1260 /* 행렬의덧셈.swift */ = {isa = PBXFileReference; lastKnownFileType = sourcecode.swift; path = "행렬의덧셈.swift"; sourceTree = "<group>"; };
		4DCD22E528ED89ED009D1260 /* 부족한금액계산.swift */ = {isa = PBXFileReference; lastKnownFileType = sourcecode.swift; path = "부족한금액계산.swift"; sourceTree = "<group>"; };
		4DCD22E728ED8C85009D1260 /* 직사각형별찍기.swift */ = {isa = PBXFileReference; lastKnownFileType = sourcecode.swift; path = "직사각형별찍기.swift"; sourceTree = "<group>"; };
		4DCD63D528EE12E0005AA1D9 /* 선택정렬.swift */ = {isa = PBXFileReference; lastKnownFileType = sourcecode.swift; path = "선택정렬.swift"; sourceTree = "<group>"; };
		4DCD63D728EE1768005AA1D9 /* 삽입정렬.swift */ = {isa = PBXFileReference; lastKnownFileType = sourcecode.swift; path = "삽입정렬.swift"; sourceTree = "<group>"; };
		4DCD63D928EE1B34005AA1D9 /* 퀵정렬.swift */ = {isa = PBXFileReference; lastKnownFileType = sourcecode.swift; path = "퀵정렬.swift"; sourceTree = "<group>"; };
		4DCD63DB28EE1FEA005AA1D9 /* 계수정렬.swift */ = {isa = PBXFileReference; lastKnownFileType = sourcecode.swift; path = "계수정렬.swift"; sourceTree = "<group>"; };
		4DCD63DD28EE244A005AA1D9 /* Swift에서 정렬.swift */ = {isa = PBXFileReference; lastKnownFileType = sourcecode.swift; path = "Swift에서 정렬.swift"; sourceTree = "<group>"; };
		4DCD63E028EE2561005AA1D9 /* 순차탐색.swift */ = {isa = PBXFileReference; lastKnownFileType = sourcecode.swift; path = "순차탐색.swift"; sourceTree = "<group>"; };
		4DCD63E228EE2567005AA1D9 /* 이진탐색.swift */ = {isa = PBXFileReference; lastKnownFileType = sourcecode.swift; path = "이진탐색.swift"; sourceTree = "<group>"; };
		4DCD63E428EE2587005AA1D9 /* 이진탐색트리.swift */ = {isa = PBXFileReference; lastKnownFileType = sourcecode.swift; path = "이진탐색트리.swift"; sourceTree = "<group>"; };
		4DCD63E628EE2597005AA1D9 /* 부품찾기.swift */ = {isa = PBXFileReference; lastKnownFileType = sourcecode.swift; path = "부품찾기.swift"; sourceTree = "<group>"; };
		4DCD63E828EE259F005AA1D9 /* 떡볶이떡만들기.swift */ = {isa = PBXFileReference; lastKnownFileType = sourcecode.swift; path = "떡볶이떡만들기.swift"; sourceTree = "<group>"; };
		4DCD63EA28EF0F71005AA1D9 /* 위에서아래로.swift */ = {isa = PBXFileReference; lastKnownFileType = sourcecode.swift; path = "위에서아래로.swift"; sourceTree = "<group>"; };
		4DCD63EC28EF0F8C005AA1D9 /* 성적낮은순출력.swift */ = {isa = PBXFileReference; lastKnownFileType = sourcecode.swift; path = "성적낮은순출력.swift"; sourceTree = "<group>"; };
		4DCD63EE28EF0F98005AA1D9 /* 두 배열의 원소교체.swift */ = {isa = PBXFileReference; lastKnownFileType = sourcecode.swift; path = "두 배열의 원소교체.swift"; sourceTree = "<group>"; };
		4DCD63F028F0308D005AA1D9 /* 최대공약수와최소공배수.swift */ = {isa = PBXFileReference; lastKnownFileType = sourcecode.swift; path = "최대공약수와최소공배수.swift"; sourceTree = "<group>"; };
		4DCD63F328F0EF68005AA1D9 /* 체육복.swift */ = {isa = PBXFileReference; lastKnownFileType = sourcecode.swift; path = "체육복.swift"; sourceTree = "<group>"; };
/* End PBXFileReference section */

/* Begin PBXFrameworksBuildPhase section */
		4D57154128D798DF0033730A /* Frameworks */ = {
			isa = PBXFrameworksBuildPhase;
			buildActionMask = 2147483647;
			files = (
			);
			runOnlyForDeploymentPostprocessing = 0;
		};
/* End PBXFrameworksBuildPhase section */

/* Begin PBXGroup section */
		4D57153B28D798DF0033730A = {
			isa = PBXGroup;
			children = (
				4D57154628D798DF0033730A /* Swift-Algorithm */,
				4D57154528D798DF0033730A /* Products */,
			);
			sourceTree = "<group>";
		};
		4D57154528D798DF0033730A /* Products */ = {
			isa = PBXGroup;
			children = (
				4D57154428D798DF0033730A /* Swift-Algorithm */,
			);
			name = Products;
			sourceTree = "<group>";
		};
		4D57154628D798DF0033730A /* Swift-Algorithm */ = {
			isa = PBXGroup;
			children = (
				4DCD226628DEFD0E009D1260 /* Kakao */,
				4DCD224B28DCB51A009D1260 /* Book */,
				4D57155028D7993E0033730A /* Basic */,
				4D57154F28D798FB0033730A /* Programmers */,
				4D57154E28D798EE0033730A /* BaekJoon */,
				4D57154728D798DF0033730A /* main.swift */,
			);
			path = "Swift-Algorithm";
			sourceTree = "<group>";
		};
		4D57154E28D798EE0033730A /* BaekJoon */ = {
			isa = PBXGroup;
			children = (
				4DCD22DE28EA2397009D1260 /* 큐 */,
				4DCD22D528EA2338009D1260 /* 배열&스택 */,
				4DCD22C028EA22A2009D1260 /* 브루트포스 */,
				4DCD22B128EA2222009D1260 /* 우선순위큐 */,
				4DCD22A628EA21C1009D1260 /* DP&그리디 */,
				4DCD22A528EA218D009D1260 /* 탐색 */,
			);
			path = BaekJoon;
			sourceTree = "<group>";
		};
		4D57154F28D798FB0033730A /* Programmers */ = {
			isa = PBXGroup;
			children = (
				4DCC718929152F6500B93A3F /* Summer&Winter */,
				4DA0075D2909DBCE002D35DF /* kakao */,
				4DCD63F228F0EF42005AA1D9 /* Level1 (2) */,
				4D57156728D99F610033730A /* Level2 */,
				4D57155E28D894C50033730A /* Level1 */,
			);
			path = Programmers;
			sourceTree = "<group>";
		};
		4D57155028D7993E0033730A /* Basic */ = {
			isa = PBXGroup;
			children = (
				4D57155128D7994F0033730A /* Basic.swift */,
				4D57155328D79B610033730A /* A+B.swift */,
				4D57155A28D86CFE0033730A /* FileIO.swift */,
				4DCD225428DD85D0009D1260 /* Array&String.swift */,
				4DCD225E28DDB077009D1260 /* StringUtil.swift */,
			);
			path = Basic;
			sourceTree = "<group>";
		};
		4D57155E28D894C50033730A /* Level1 */ = {
			isa = PBXGroup;
			children = (
				4D57155F28D894FE0033730A /* 짝수와홀수.swift */,
				4D57156128D895DC0033730A /* 평균구하기.swift */,
				4D57156328D899BE0033730A /* 약수의 합.swift */,
				4D57156528D9975B0033730A /* 정수제곱근판별.swift */,
				4D57156828D99FF20033730A /* 자릿수 더하기.swift */,
				4D57156C28DB4F2D0033730A /* 자연수뒤집어배열로.swift */,
				4D57156E28DB74A10033730A /* 문자열 내 p와 y의 개수.swift */,
				4DCD224E28DCD281009D1260 /* 하샤드 수.swift */,
				4DCD225028DCD49B009D1260 /* 정수내림차순으로배치.swift */,
				4DCD225228DCE101009D1260 /* 문자열을 정수로 바꾸기.swift */,
				4DCD225628DD8B66009D1260 /* x만큼간격이있는n개의숫자.swift */,
				4DCD225828DD9046009D1260 /* 나머지가1이되는수찾기.swift */,
				4DCD225A28DD91F6009D1260 /* 콜라츠추측.swift */,
				4DCD225C28DD9F50009D1260 /* 두 정수 사이의 합.swift */,
				4DCD226028DDB28D009D1260 /* 서울에서김서방찾기.swift */,
				4DCD226228DDBC7D009D1260 /* 핸드폰번호가리기.swift */,
				4DCD226428DDBE53009D1260 /* 수박수박수박수박수박수? .swift */,
				4DCD226D28DF7E5E009D1260 /* 나누어떨어지는 숫자배열.swift */,
				4DCD226F28DF827C009D1260 /* 제일작은수제거.swift */,
				4DCD227128E034E5009D1260 /* 음양더하기.swift */,
				4DCD227328E03602009D1260 /* 가운데글자 가져오기.swift */,
				4DCD227628E1C126009D1260 /* 없는숫자더하기.swift */,
				4DCD227828E1C31F009D1260 /* 내적.swift */,
				4DCD228028E9A41D009D1260 /* 문자열 내림차순으로 배치하기.swift */,
				4DCD228F28EA0234009D1260 /* 문자열다루기기본.swift */,
				4DCD229128EA0C78009D1260 /* 약수의 개수와 덧셈.swift */,
				4DCD22E128EA241E009D1260 /* 행렬의덧셈.swift */,
				4DCD22E528ED89ED009D1260 /* 부족한금액계산.swift */,
				4DCD22E728ED8C85009D1260 /* 직사각형별찍기.swift */,
				4DCD63F028F0308D005AA1D9 /* 최대공약수와최소공배수.swift */,
				4D9397CD28F7274B001613FF /* 이상한문자만들기.swift */,
				4D9397CF28F820C8001613FF /* 3진법구하기.swift */,
			);
			path = Level1;
			sourceTree = "<group>";
		};
		4D57156728D99F610033730A /* Level2 */ = {
			isa = PBXGroup;
			children = (
				4DA007572909C88A002D35DF /* 최댓값과 최솟값.swift */,
				4DCC71852913DEBA00B93A3F /* JadenCase 문자열 만들기.swift */,
			);
			path = Level2;
			sourceTree = "<group>";
		};
		4DA0075D2909DBCE002D35DF /* kakao */ = {
			isa = PBXGroup;
			children = (
				4DA0075E2909DBE1002D35DF /* 1차_다트게임.swift */,
				4DA0076D290BEB77002D35DF /* 2021_인턴_숫자문자열과영단어.swift */,
			);
			path = kakao;
			sourceTree = "<group>";
		};
		4DA00760290AB89C002D35DF /* 알고리즘별 문제풀이 */ = {
			isa = PBXGroup;
			children = (
				4DA00768290AB8FF002D35DF /* 그래프이론 */,
				4DA00767290AB8FA002D35DF /* 최단경로 */,
				4DA00766290AB8F4002D35DF /* 다이나믹프로그래밍 */,
				4DA00765290AB8EF002D35DF /* 이진탐색 */,
				4DA00764290AB8E9002D35DF /* 정렬 */,
				4DA00763290AB8DB002D35DF /* DFSBFS */,
				4DA00762290AB8D7002D35DF /* 구현 */,
				4DA00761290AB8CF002D35DF /* 그리디 */,
			);
			name = "알고리즘별 문제풀이";
			path = "알고리즘별 문제풀이";
			sourceTree = "<group>";
		};
		4DA00761290AB8CF002D35DF /* 그리디 */ = {
			isa = PBXGroup;
			children = (
			);
			name = "그리디";
			path = "그리디";
			sourceTree = "<group>";
		};
		4DA00762290AB8D7002D35DF /* 구현 */ = {
			isa = PBXGroup;
			children = (
			);
			name = "구현";
			path = "구현";
			sourceTree = "<group>";
		};
		4DA00763290AB8DB002D35DF /* DFSBFS */ = {
			isa = PBXGroup;
			children = (
				4DA00769290AB99C002D35DF /* 특정거리의도시찾기.swift */,
			);
			path = DFSBFS;
			sourceTree = "<group>";
		};
		4DA00764290AB8E9002D35DF /* 정렬 */ = {
			isa = PBXGroup;
			children = (
			);
			name = "정렬";
			path = "정렬";
			sourceTree = "<group>";
		};
		4DA00765290AB8EF002D35DF /* 이진탐색 */ = {
			isa = PBXGroup;
			children = (
			);
			name = "이진탐색";
			path = "이진탐색";
			sourceTree = "<group>";
		};
		4DA00766290AB8F4002D35DF /* 다이나믹프로그래밍 */ = {
			isa = PBXGroup;
			children = (
			);
			name = "다이나믹프로그래밍";
			path = "다이나믹프로그래밍";
			sourceTree = "<group>";
		};
		4DA00767290AB8FA002D35DF /* 최단경로 */ = {
			isa = PBXGroup;
			children = (
			);
			name = "최단경로";
			path = "최단경로";
			sourceTree = "<group>";
		};
		4DA00768290AB8FF002D35DF /* 그래프이론 */ = {
			isa = PBXGroup;
			children = (
			);
			name = "그래프이론";
			path = "그래프이론";
			sourceTree = "<group>";
		};
		4DCC718929152F6500B93A3F /* Summer&Winter */ = {
			isa = PBXGroup;
			children = (
				4D9397D128F82FEE001613FF /* 에산.swift */,
				4DCC718729152F1C00B93A3F /* 소수만들기.swift */,
			);
			path = "Summer&Winter";
			sourceTree = "<group>";
		};
		4DCD224B28DCB51A009D1260 /* Book */ = {
			isa = PBXGroup;
			children = (
				4DA00760290AB89C002D35DF /* 알고리즘별 문제풀이 */,
				4DCD63DF28EE2532005AA1D9 /* 이진탐색 */,
				4DCD63D428EE12D8005AA1D9 /* 정렬 */,
				4DCD228E28E9FCDE009D1260 /* DFS&BFS */,
				4DCD228D28E9FCA8009D1260 /* 구현 */,
				4DCD228628E9BBC3009D1260 /* 자료구조 */,
			);
			path = Book;
			sourceTree = "<group>";
		};
		4DCD226628DEFD0E009D1260 /* Kakao */ = {
			isa = PBXGroup;
			children = (
				4DCD226728DEFD1E009D1260 /* Terms.swift */,
				4DCD226928DEFD25009D1260 /* Truck.swift */,
				4DCD226B28DF01F1009D1260 /* Emoticon.swift */,
			);
			path = Kakao;
			sourceTree = "<group>";
		};
		4DCD228628E9BBC3009D1260 /* 자료구조 */ = {
			isa = PBXGroup;
			children = (
				4DCD228728E9BBE2009D1260 /* Stack.swift */,
				4DCD228928E9BBEB009D1260 /* Queue.swift */,
			);
			name = "자료구조";
			path = "자료구조";
			sourceTree = "<group>";
		};
		4DCD228D28E9FCA8009D1260 /* 구현 */ = {
			isa = PBXGroup;
			children = (
				4DCD224C28DCB545009D1260 /* 상하좌우.swift */,
				4DCD227A28E1C842009D1260 /* 시각.swift */,
				4DCD227C28E1DF20009D1260 /* 왕실의나이트.swift */,
				4DCD227E28E4CF7C009D1260 /* 게임개발.swift */,
			);
			name = "구현";
			path = "구현";
			sourceTree = "<group>";
		};
		4DCD228E28E9FCDE009D1260 /* DFS&BFS */ = {
			isa = PBXGroup;
			children = (
				4DCD228428E9A580009D1260 /* DFS.swift */,
				4DCD228228E9A576009D1260 /* BFS.swift */,
				4DCD228B28E9E951009D1260 /* Recursive.swift */,
				4DCD229528EA0E3D009D1260 /* 음료수 얼려 먹기.swift */,
				4DCD229728EA1951009D1260 /* 미로탈출.swift */,
			);
			path = "DFS&BFS";
			sourceTree = "<group>";
		};
		4DCD22A528EA218D009D1260 /* 탐색 */ = {
			isa = PBXGroup;
			children = (
				4DCD229928EA20AC009D1260 /* 1260_DFS&BFS.swift */,
				4DCD229B28EA20EF009D1260 /* 2178_미로탐색.swift */,
				4DCD229D28EA2114009D1260 /* 2606_바이러스.swift */,
				4DCD229F28EA2139009D1260 /* 2667_단지번호붙이기.swift */,
				4DCD22A128EA215C009D1260 /* 1012_유기농배추.swift */,
				4DCD22A328EA217B009D1260 /* 7569_토마토.swift */,
			);
			name = "탐색";
			path = "탐색";
			sourceTree = "<group>";
		};
		4DCD22A628EA21C1009D1260 /* DP&그리디 */ = {
			isa = PBXGroup;
			children = (
				4DCD22A728EA21DE009D1260 /* 11052_카드구매하기.swift */,
				4DCD22A928EA21E9009D1260 /* 1149_RGB거리.swift */,
				4DCD22AB28EA21F6009D1260 /* 10844_쉬운계단수.swift */,
				4DCD22AD28EA2201009D1260 /* 1931_회의실배정.swift */,
				4DCD22AF28EA220E009D1260 /* 11497_통나무건너뛰기.swift */,
			);
			name = "DP&그리디";
			path = "DP&그리디";
			sourceTree = "<group>";
		};
		4DCD22B128EA2222009D1260 /* 우선순위큐 */ = {
			isa = PBXGroup;
			children = (
				4DCD22B228EA2230009D1260 /* 1927_최소힙.swift */,
				4DCD22B428EA223A009D1260 /* 11279_최대힙.swift */,
				4DCD22B628EA2249009D1260 /* 11286_절댓값힙.swift */,
				4DCD22B828EA2255009D1260 /* 1655_가운데를말해요.swift */,
				4DCD22BA28EA225F009D1260 /* 1715_카드정렬하기.swift */,
				4DCD22BC28EA226B009D1260 /* 2075_N번쨰큰수.swift */,
				4DCD22BE28EA2277009D1260 /* 15903_카드합체놀이.swift */,
			);
			name = "우선순위큐";
			path = "우선순위큐";
			sourceTree = "<group>";
		};
		4DCD22C028EA22A2009D1260 /* 브루트포스 */ = {
			isa = PBXGroup;
			children = (
				4DCD22C128EA22B0009D1260 /* 2798_블랙잭.swift */,
				4DCD22C328EA22B9009D1260 /* 2309_일곱난쟁이.swift */,
				4DCD22C528EA22CD009D1260 /* 1182_부분수열의 합.swift */,
				4DCD22C728EA22D9009D1260 /* 10974_모든순열.swift */,
				4DCD22C928EA22E4009D1260 /* 10819_차이를 최대로.swift */,
				4DCD22CB28EA22F3009D1260 /* 14501_퇴사.swift */,
				4DCD22CD28EA22FF009D1260 /* 4673_셀프넘버.swift */,
				4DCD22CF28EA2309009D1260 /* 1018_체스판 다시 칠하기.swift */,
				4DCD22D128EA2313009D1260 /* 7568_덩치.swift */,
				4DCD22D328EA2321009D1260 /* 1436_영화감독 숌.swift */,
			);
			name = "브루트포스";
			path = "브루트포스";
			sourceTree = "<group>";
		};
		4DCD22D528EA2338009D1260 /* 배열&스택 */ = {
			isa = PBXGroup;
			children = (
				4DCD22D628EA2347009D1260 /* 1546_평균.swift */,
				4DCD22D828EA2350009D1260 /* 10807_개수세기.swift */,
				4DCD22DA28EA2359009D1260 /* 9012_괄호.swift */,
				4DCD22DC28EA2368009D1260 /* 6198_옥상정원꾸미기.swift */,
			);
			name = "배열&스택";
			path = "배열&스택";
			sourceTree = "<group>";
		};
		4DCD22DE28EA2397009D1260 /* 큐 */ = {
			isa = PBXGroup;
			children = (
				4DCD22DF28EA23A0009D1260 /* 10845_큐.swift */,
			);
			name = "큐";
			path = "큐";
			sourceTree = "<group>";
		};
		4DCD63D428EE12D8005AA1D9 /* 정렬 */ = {
			isa = PBXGroup;
			children = (
				4DCD63D528EE12E0005AA1D9 /* 선택정렬.swift */,
				4DCD63D728EE1768005AA1D9 /* 삽입정렬.swift */,
				4DCD63D928EE1B34005AA1D9 /* 퀵정렬.swift */,
				4DCD63DB28EE1FEA005AA1D9 /* 계수정렬.swift */,
				4DCD63DD28EE244A005AA1D9 /* Swift에서 정렬.swift */,
				4DCD63EA28EF0F71005AA1D9 /* 위에서아래로.swift */,
				4DCD63EC28EF0F8C005AA1D9 /* 성적낮은순출력.swift */,
				4DCD63EE28EF0F98005AA1D9 /* 두 배열의 원소교체.swift */,
			);
			name = "정렬";
			path = "정렬";
			sourceTree = "<group>";
		};
		4DCD63DF28EE2532005AA1D9 /* 이진탐색 */ = {
			isa = PBXGroup;
			children = (
				4DCD63E028EE2561005AA1D9 /* 순차탐색.swift */,
				4DCD63E228EE2567005AA1D9 /* 이진탐색.swift */,
				4DCD63E428EE2587005AA1D9 /* 이진탐색트리.swift */,
				4DCD63E628EE2597005AA1D9 /* 부품찾기.swift */,
				4DCD63E828EE259F005AA1D9 /* 떡볶이떡만들기.swift */,
			);
			name = "이진탐색";
			path = "이진탐색";
			sourceTree = "<group>";
		};
		4DCD63F228F0EF42005AA1D9 /* Level1 (2) */ = {
			isa = PBXGroup;
			children = (
				4DCD63F328F0EF68005AA1D9 /* 체육복.swift */,
				4D461A13290291D100F74938 /* 시저암호.swift */,
				4DA0075129099B52002D35DF /* 삼총사.swift */,
				4DA0075329099D73002D35DF /* 문자열내마음대로정렬하기.swift */,
				4DA007552909BADB002D35DF /* 최소직사각형.swift */,
				4DA007592909D454002D35DF /* K번째 수.swift */,
				4DA0075B2909D748002D35DF /* 두개 뽑아서 더하기.swift */,
				4DCC71832913C9F500B93A3F /* 로또의 최고순위와 최저순위.swift */,
			);
			path = "Level1 (2)";
			sourceTree = "<group>";
		};
/* End PBXGroup section */

/* Begin PBXNativeTarget section */
		4D57154328D798DF0033730A /* Swift-Algorithm */ = {
			isa = PBXNativeTarget;
			buildConfigurationList = 4D57154B28D798DF0033730A /* Build configuration list for PBXNativeTarget "Swift-Algorithm" */;
			buildPhases = (
				4D57154028D798DF0033730A /* Sources */,
				4D57154128D798DF0033730A /* Frameworks */,
				4D57154228D798DF0033730A /* CopyFiles */,
			);
			buildRules = (
			);
			dependencies = (
			);
			name = "Swift-Algorithm";
			productName = "Swift-Algorithm";
			productReference = 4D57154428D798DF0033730A /* Swift-Algorithm */;
			productType = "com.apple.product-type.tool";
		};
/* End PBXNativeTarget section */

/* Begin PBXProject section */
		4D57153C28D798DF0033730A /* Project object */ = {
			isa = PBXProject;
			attributes = {
				BuildIndependentTargetsInParallel = 1;
				LastSwiftUpdateCheck = 1400;
				LastUpgradeCheck = 1400;
				TargetAttributes = {
					4D57154328D798DF0033730A = {
						CreatedOnToolsVersion = 14.0;
					};
				};
			};
			buildConfigurationList = 4D57153F28D798DF0033730A /* Build configuration list for PBXProject "Swift-Algorithm" */;
			compatibilityVersion = "Xcode 14.0";
			developmentRegion = en;
			hasScannedForEncodings = 0;
			knownRegions = (
				en,
				Base,
			);
			mainGroup = 4D57153B28D798DF0033730A;
			productRefGroup = 4D57154528D798DF0033730A /* Products */;
			projectDirPath = "";
			projectRoot = "";
			targets = (
				4D57154328D798DF0033730A /* Swift-Algorithm */,
			);
		};
/* End PBXProject section */

/* Begin PBXSourcesBuildPhase section */
		4D57154028D798DF0033730A /* Sources */ = {
			isa = PBXSourcesBuildPhase;
			buildActionMask = 2147483647;
			files = (
				4DCD228528E9A580009D1260 /* DFS.swift in Sources */,
				4D57156428D899BE0033730A /* 약수의 합.swift in Sources */,
				4DCD229628EA0E3D009D1260 /* 음료수 얼려 먹기.swift in Sources */,
				4D57156028D894FE0033730A /* 짝수와홀수.swift in Sources */,
				4DCD63DA28EE1B34005AA1D9 /* 퀵정렬.swift in Sources */,
				4DCD22B728EA2249009D1260 /* 11286_절댓값힙.swift in Sources */,
				4DCD227428E03602009D1260 /* 가운데글자 가져오기.swift in Sources */,
				4DCD63EF28EF0F98005AA1D9 /* 두 배열의 원소교체.swift in Sources */,
				4DCD229C28EA20EF009D1260 /* 2178_미로탐색.swift in Sources */,
				4DCD225F28DDB078009D1260 /* StringUtil.swift in Sources */,
				4DCD22AE28EA2201009D1260 /* 1931_회의실배정.swift in Sources */,
				4DCD22C428EA22B9009D1260 /* 2309_일곱난쟁이.swift in Sources */,
				4DCD22E628ED89ED009D1260 /* 부족한금액계산.swift in Sources */,
				4DCD225928DD9046009D1260 /* 나머지가1이되는수찾기.swift in Sources */,
				4DCD228128E9A41D009D1260 /* 문자열 내림차순으로 배치하기.swift in Sources */,
				4DA0075A2909D454002D35DF /* K번째 수.swift in Sources */,
				4DCD63ED28EF0F8C005AA1D9 /* 성적낮은순출력.swift in Sources */,
				4DCD22B928EA2255009D1260 /* 1655_가운데를말해요.swift in Sources */,
				4DCD226C28DF01F1009D1260 /* Emoticon.swift in Sources */,
				4DCD224D28DCB545009D1260 /* 상하좌우.swift in Sources */,
				4DCD22CE28EA22FF009D1260 /* 4673_셀프넘버.swift in Sources */,
				4DCD22BD28EA226B009D1260 /* 2075_N번쨰큰수.swift in Sources */,
				4DCD22E228EA241E009D1260 /* 행렬의덧셈.swift in Sources */,
				4DCD225328DCE101009D1260 /* 문자열을 정수로 바꾸기.swift in Sources */,
				4D9397D028F820C8001613FF /* 3진법구하기.swift in Sources */,
				4D9397CE28F7274B001613FF /* 이상한문자만들기.swift in Sources */,
				4DCD63EB28EF0F71005AA1D9 /* 위에서아래로.swift in Sources */,
				4DCD63DE28EE244A005AA1D9 /* Swift에서 정렬.swift in Sources */,
				4DCD225D28DD9F50009D1260 /* 두 정수 사이의 합.swift in Sources */,
				4DCC71862913DEBA00B93A3F /* JadenCase 문자열 만들기.swift in Sources */,
				4DCD229E28EA2114009D1260 /* 2606_바이러스.swift in Sources */,
				4DCD227B28E1C842009D1260 /* 시각.swift in Sources */,
				4DCD227728E1C126009D1260 /* 없는숫자더하기.swift in Sources */,
				4DCD22DD28EA2368009D1260 /* 6198_옥상정원꾸미기.swift in Sources */,
				4DCD63E728EE2597005AA1D9 /* 부품찾기.swift in Sources */,
				4DCC718829152F1C00B93A3F /* 소수만들기.swift in Sources */,
				4DCD22C828EA22D9009D1260 /* 10974_모든순열.swift in Sources */,
				4DCD226E28DF7E5E009D1260 /* 나누어떨어지는 숫자배열.swift in Sources */,
				4D57155228D7994F0033730A /* Basic.swift in Sources */,
				4DCD63DC28EE1FEA005AA1D9 /* 계수정렬.swift in Sources */,
				4DCD225128DCD49B009D1260 /* 정수내림차순으로배치.swift in Sources */,
				4DCD227028DF827C009D1260 /* 제일작은수제거.swift in Sources */,
				4DCD22D428EA2321009D1260 /* 1436_영화감독 숌.swift in Sources */,
				4DCD226128DDB28D009D1260 /* 서울에서김서방찾기.swift in Sources */,
				4DCD63E328EE2567005AA1D9 /* 이진탐색.swift in Sources */,
				4DCD22D028EA230A009D1260 /* 1018_체스판 다시 칠하기.swift in Sources */,
				4DCD63E928EE259F005AA1D9 /* 떡볶이떡만들기.swift in Sources */,
				4DCD228C28E9E951009D1260 /* Recursive.swift in Sources */,
				4DA0075C2909D748002D35DF /* 두개 뽑아서 더하기.swift in Sources */,
				4DCD228328E9A576009D1260 /* BFS.swift in Sources */,
				4DCD22B328EA2230009D1260 /* 1927_최소힙.swift in Sources */,
				4DCD22A228EA215C009D1260 /* 1012_유기농배추.swift in Sources */,
				4D57156628D9975B0033730A /* 정수제곱근판별.swift in Sources */,
				4DCD229028EA0234009D1260 /* 문자열다루기기본.swift in Sources */,
				4D9397D228F82FEE001613FF /* 에산.swift in Sources */,
				4DCD229828EA1951009D1260 /* 미로탈출.swift in Sources */,
				4DCD227F28E4CF7C009D1260 /* 게임개발.swift in Sources */,
				4DCD22DB28EA2359009D1260 /* 9012_괄호.swift in Sources */,
				4DCD22AC28EA21F6009D1260 /* 10844_쉬운계단수.swift in Sources */,
				4DCD229A28EA20AC009D1260 /* 1260_DFS&BFS.swift in Sources */,
				4DCD63E528EE2587005AA1D9 /* 이진탐색트리.swift in Sources */,
				4DCD63D828EE1768005AA1D9 /* 삽입정렬.swift in Sources */,
				4DCC71842913C9F500B93A3F /* 로또의 최고순위와 최저순위.swift in Sources */,
				4DA0075229099B52002D35DF /* 삼총사.swift in Sources */,
				4DCD22D228EA2313009D1260 /* 7568_덩치.swift in Sources */,
				4DCD224F28DCD281009D1260 /* 하샤드 수.swift in Sources */,
				4DCD227928E1C31F009D1260 /* 내적.swift in Sources */,
				4DCD228A28E9BBEB009D1260 /* Queue.swift in Sources */,
				4D57156228D895DC0033730A /* 평균구하기.swift in Sources */,
				4DCD22CC28EA22F3009D1260 /* 14501_퇴사.swift in Sources */,
				4DCD227228E034E5009D1260 /* 음양더하기.swift in Sources */,
				4DCD22E828ED8C85009D1260 /* 직사각형별찍기.swift in Sources */,
				4DCD22BB28EA225F009D1260 /* 1715_카드정렬하기.swift in Sources */,
				4DCD225528DD85D0009D1260 /* Array&String.swift in Sources */,
				4DCD225728DD8B66009D1260 /* x만큼간격이있는n개의숫자.swift in Sources */,
				4DA0075429099D73002D35DF /* 문자열내마음대로정렬하기.swift in Sources */,
				4DA007562909BADB002D35DF /* 최소직사각형.swift in Sources */,
				4DCD226528DDBE53009D1260 /* 수박수박수박수박수박수? .swift in Sources */,
				4DCD63F128F0308D005AA1D9 /* 최대공약수와최소공배수.swift in Sources */,
				4DCD226328DDBC7D009D1260 /* 핸드폰번호가리기.swift in Sources */,
				4DCD229228EA0C78009D1260 /* 약수의 개수와 덧셈.swift in Sources */,
				4DCD226A28DEFD25009D1260 /* Truck.swift in Sources */,
				4DCD63E128EE2561005AA1D9 /* 순차탐색.swift in Sources */,
				4DCD63D628EE12E0005AA1D9 /* 선택정렬.swift in Sources */,
				4D57156F28DB74A10033730A /* 문자열 내 p와 y의 개수.swift in Sources */,
				4D461A14290291D100F74938 /* 시저암호.swift in Sources */,
				4DA0076E290BEB77002D35DF /* 2021_인턴_숫자문자열과영단어.swift in Sources */,
				4DCD22A828EA21DE009D1260 /* 11052_카드구매하기.swift in Sources */,
				4DCD227D28E1DF21009D1260 /* 왕실의나이트.swift in Sources */,
				4DCD22C628EA22CD009D1260 /* 1182_부분수열의 합.swift in Sources */,
				4DCD63F428F0EF68005AA1D9 /* 체육복.swift in Sources */,
				4DCD22A028EA2139009D1260 /* 2667_단지번호붙이기.swift in Sources */,
				4DCD22B028EA220E009D1260 /* 11497_통나무건너뛰기.swift in Sources */,
				4D57154828D798DF0033730A /* main.swift in Sources */,
				4DCD22BF28EA2277009D1260 /* 15903_카드합체놀이.swift in Sources */,
				4DCD22D728EA2347009D1260 /* 1546_평균.swift in Sources */,
				4DCD22AA28EA21E9009D1260 /* 1149_RGB거리.swift in Sources */,
				4D57156D28DB4F2D0033730A /* 자연수뒤집어배열로.swift in Sources */,
				4DCD226828DEFD1E009D1260 /* Terms.swift in Sources */,
				4DCD22B528EA223A009D1260 /* 11279_최대힙.swift in Sources */,
				4DA007582909C88A002D35DF /* 최댓값과 최솟값.swift in Sources */,
				4D57155428D79B610033730A /* A+B.swift in Sources */,
				4DA0076A290AB99C002D35DF /* 특정거리의도시찾기.swift in Sources */,
				4DCD22E028EA23A0009D1260 /* 10845_큐.swift in Sources */,
				4DCD22A428EA217B009D1260 /* 7569_토마토.swift in Sources */,
				4DCD228828E9BBE2009D1260 /* Stack.swift in Sources */,
				4D57156928D99FF20033730A /* 자릿수 더하기.swift in Sources */,
				4DCD225B28DD91F6009D1260 /* 콜라츠추측.swift in Sources */,
				4D57155B28D86CFF0033730A /* FileIO.swift in Sources */,
				4DCD22CA28EA22E4009D1260 /* 10819_차이를 최대로.swift in Sources */,
				4DCD22C228EA22B0009D1260 /* 2798_블랙잭.swift in Sources */,
				4DCD22D928EA2350009D1260 /* 10807_개수세기.swift in Sources */,
			);
			runOnlyForDeploymentPostprocessing = 0;
		};
/* End PBXSourcesBuildPhase section */

/* Begin XCBuildConfiguration section */
		4D57154928D798DF0033730A /* Debug */ = {
			isa = XCBuildConfiguration;
			buildSettings = {
				ALWAYS_SEARCH_USER_PATHS = NO;
				CLANG_ANALYZER_NONNULL = YES;
				CLANG_ANALYZER_NUMBER_OBJECT_CONVERSION = YES_AGGRESSIVE;
				CLANG_CXX_LANGUAGE_STANDARD = "gnu++20";
				CLANG_ENABLE_MODULES = YES;
				CLANG_ENABLE_OBJC_ARC = YES;
				CLANG_ENABLE_OBJC_WEAK = YES;
				CLANG_WARN_BLOCK_CAPTURE_AUTORELEASING = YES;
				CLANG_WARN_BOOL_CONVERSION = YES;
				CLANG_WARN_COMMA = YES;
				CLANG_WARN_CONSTANT_CONVERSION = YES;
				CLANG_WARN_DEPRECATED_OBJC_IMPLEMENTATIONS = YES;
				CLANG_WARN_DIRECT_OBJC_ISA_USAGE = YES_ERROR;
				CLANG_WARN_DOCUMENTATION_COMMENTS = YES;
				CLANG_WARN_EMPTY_BODY = YES;
				CLANG_WARN_ENUM_CONVERSION = YES;
				CLANG_WARN_INFINITE_RECURSION = YES;
				CLANG_WARN_INT_CONVERSION = YES;
				CLANG_WARN_NON_LITERAL_NULL_CONVERSION = YES;
				CLANG_WARN_OBJC_IMPLICIT_RETAIN_SELF = YES;
				CLANG_WARN_OBJC_LITERAL_CONVERSION = YES;
				CLANG_WARN_OBJC_ROOT_CLASS = YES_ERROR;
				CLANG_WARN_QUOTED_INCLUDE_IN_FRAMEWORK_HEADER = YES;
				CLANG_WARN_RANGE_LOOP_ANALYSIS = YES;
				CLANG_WARN_STRICT_PROTOTYPES = YES;
				CLANG_WARN_SUSPICIOUS_MOVE = YES;
				CLANG_WARN_UNGUARDED_AVAILABILITY = YES_AGGRESSIVE;
				CLANG_WARN_UNREACHABLE_CODE = YES;
				CLANG_WARN__DUPLICATE_METHOD_MATCH = YES;
				COPY_PHASE_STRIP = NO;
				DEBUG_INFORMATION_FORMAT = dwarf;
				ENABLE_STRICT_OBJC_MSGSEND = YES;
				ENABLE_TESTABILITY = YES;
				GCC_C_LANGUAGE_STANDARD = gnu11;
				GCC_DYNAMIC_NO_PIC = NO;
				GCC_NO_COMMON_BLOCKS = YES;
				GCC_OPTIMIZATION_LEVEL = 0;
				GCC_PREPROCESSOR_DEFINITIONS = (
					"DEBUG=1",
					"$(inherited)",
				);
				GCC_WARN_64_TO_32_BIT_CONVERSION = YES;
				GCC_WARN_ABOUT_RETURN_TYPE = YES_ERROR;
				GCC_WARN_UNDECLARED_SELECTOR = YES;
				GCC_WARN_UNINITIALIZED_AUTOS = YES_AGGRESSIVE;
				GCC_WARN_UNUSED_FUNCTION = YES;
				GCC_WARN_UNUSED_VARIABLE = YES;
				MACOSX_DEPLOYMENT_TARGET = 12.3;
				MTL_ENABLE_DEBUG_INFO = INCLUDE_SOURCE;
				MTL_FAST_MATH = YES;
				ONLY_ACTIVE_ARCH = YES;
				SDKROOT = macosx;
				SWIFT_ACTIVE_COMPILATION_CONDITIONS = DEBUG;
				SWIFT_OPTIMIZATION_LEVEL = "-Onone";
			};
			name = Debug;
		};
		4D57154A28D798DF0033730A /* Release */ = {
			isa = XCBuildConfiguration;
			buildSettings = {
				ALWAYS_SEARCH_USER_PATHS = NO;
				CLANG_ANALYZER_NONNULL = YES;
				CLANG_ANALYZER_NUMBER_OBJECT_CONVERSION = YES_AGGRESSIVE;
				CLANG_CXX_LANGUAGE_STANDARD = "gnu++20";
				CLANG_ENABLE_MODULES = YES;
				CLANG_ENABLE_OBJC_ARC = YES;
				CLANG_ENABLE_OBJC_WEAK = YES;
				CLANG_WARN_BLOCK_CAPTURE_AUTORELEASING = YES;
				CLANG_WARN_BOOL_CONVERSION = YES;
				CLANG_WARN_COMMA = YES;
				CLANG_WARN_CONSTANT_CONVERSION = YES;
				CLANG_WARN_DEPRECATED_OBJC_IMPLEMENTATIONS = YES;
				CLANG_WARN_DIRECT_OBJC_ISA_USAGE = YES_ERROR;
				CLANG_WARN_DOCUMENTATION_COMMENTS = YES;
				CLANG_WARN_EMPTY_BODY = YES;
				CLANG_WARN_ENUM_CONVERSION = YES;
				CLANG_WARN_INFINITE_RECURSION = YES;
				CLANG_WARN_INT_CONVERSION = YES;
				CLANG_WARN_NON_LITERAL_NULL_CONVERSION = YES;
				CLANG_WARN_OBJC_IMPLICIT_RETAIN_SELF = YES;
				CLANG_WARN_OBJC_LITERAL_CONVERSION = YES;
				CLANG_WARN_OBJC_ROOT_CLASS = YES_ERROR;
				CLANG_WARN_QUOTED_INCLUDE_IN_FRAMEWORK_HEADER = YES;
				CLANG_WARN_RANGE_LOOP_ANALYSIS = YES;
				CLANG_WARN_STRICT_PROTOTYPES = YES;
				CLANG_WARN_SUSPICIOUS_MOVE = YES;
				CLANG_WARN_UNGUARDED_AVAILABILITY = YES_AGGRESSIVE;
				CLANG_WARN_UNREACHABLE_CODE = YES;
				CLANG_WARN__DUPLICATE_METHOD_MATCH = YES;
				COPY_PHASE_STRIP = NO;
				DEBUG_INFORMATION_FORMAT = "dwarf-with-dsym";
				ENABLE_NS_ASSERTIONS = NO;
				ENABLE_STRICT_OBJC_MSGSEND = YES;
				GCC_C_LANGUAGE_STANDARD = gnu11;
				GCC_NO_COMMON_BLOCKS = YES;
				GCC_WARN_64_TO_32_BIT_CONVERSION = YES;
				GCC_WARN_ABOUT_RETURN_TYPE = YES_ERROR;
				GCC_WARN_UNDECLARED_SELECTOR = YES;
				GCC_WARN_UNINITIALIZED_AUTOS = YES_AGGRESSIVE;
				GCC_WARN_UNUSED_FUNCTION = YES;
				GCC_WARN_UNUSED_VARIABLE = YES;
				MACOSX_DEPLOYMENT_TARGET = 12.3;
				MTL_ENABLE_DEBUG_INFO = NO;
				MTL_FAST_MATH = YES;
				SDKROOT = macosx;
				SWIFT_COMPILATION_MODE = wholemodule;
				SWIFT_OPTIMIZATION_LEVEL = "-O";
			};
			name = Release;
		};
		4D57154C28D798DF0033730A /* Debug */ = {
			isa = XCBuildConfiguration;
			buildSettings = {
				CODE_SIGN_STYLE = Automatic;
				DEVELOPMENT_TEAM = L2NP7U5487;
				ENABLE_HARDENED_RUNTIME = YES;
				PRODUCT_NAME = "$(TARGET_NAME)";
				SWIFT_VERSION = 5.0;
			};
			name = Debug;
		};
		4D57154D28D798DF0033730A /* Release */ = {
			isa = XCBuildConfiguration;
			buildSettings = {
				CODE_SIGN_STYLE = Automatic;
				DEVELOPMENT_TEAM = L2NP7U5487;
				ENABLE_HARDENED_RUNTIME = YES;
				PRODUCT_NAME = "$(TARGET_NAME)";
				SWIFT_VERSION = 5.0;
			};
			name = Release;
		};
/* End XCBuildConfiguration section */

/* Begin XCConfigurationList section */
		4D57153F28D798DF0033730A /* Build configuration list for PBXProject "Swift-Algorithm" */ = {
			isa = XCConfigurationList;
			buildConfigurations = (
				4D57154928D798DF0033730A /* Debug */,
				4D57154A28D798DF0033730A /* Release */,
			);
			defaultConfigurationIsVisible = 0;
			defaultConfigurationName = Release;
		};
		4D57154B28D798DF0033730A /* Build configuration list for PBXNativeTarget "Swift-Algorithm" */ = {
			isa = XCConfigurationList;
			buildConfigurations = (
				4D57154C28D798DF0033730A /* Debug */,
				4D57154D28D798DF0033730A /* Release */,
			);
			defaultConfigurationIsVisible = 0;
			defaultConfigurationName = Release;
		};
/* End XCConfigurationList section */
	};
	rootObject = 4D57153C28D798DF0033730A /* Project object */;
}
